<?xml version="1.0" encoding="utf-8"?>
<Project ToolsVersion="4.0" xmlns="http://schemas.microsoft.com/developer/msbuild/2003">
  <ItemGroup>
    <Filter Include="Source Files">
      <UniqueIdentifier>{4FC737F1-C7A5-4376-A066-2A32D752A2FF}</UniqueIdentifier>
      <Extensions>cpp;c;cc;cxx;def;odl;idl;hpj;bat;asm;asmx</Extensions>
    </Filter>
    <Filter Include="Header Files">
      <UniqueIdentifier>{93995380-89BD-4b04-88EB-625FBE52EBFB}</UniqueIdentifier>
      <Extensions>h;hpp;hxx;hm;inl;inc;xsd</Extensions>
    </Filter>
    <Filter Include="Resource Files">
      <UniqueIdentifier>{67DA6AB6-F800-4c08-8B7A-83BB121AAD01}</UniqueIdentifier>
      <Extensions>rc;ico;cur;bmp;dlg;rc2;rct;bin;rgs;gif;jpg;jpeg;jpe;resx;tiff;tif;png;wav;mfcribbon-ms</Extensions>
    </Filter>
    <Filter Include="Source Files\sGL">
      <UniqueIdentifier>{0879febb-3535-4277-a5c5-00ceaf61935a}</UniqueIdentifier>
    </Filter>
    <Filter Include="Header Files\sGL">
      <UniqueIdentifier>{2d12ddf1-50cf-493a-8024-4871298ae6cd}</UniqueIdentifier>
    </Filter>
    <Filter Include="Header Files\Display">
      <UniqueIdentifier>{a3098bad-6f4f-447c-a040-5ed8fd0b2663}</UniqueIdentifier>
    </Filter>
    <Filter Include="Source Files\Display">
      <UniqueIdentifier>{e0a917eb-21d4-479f-ae22-8de76d9bfccc}</UniqueIdentifier>
    </Filter>
  </ItemGroup>
  <ItemGroup>
    <ClCompile Include="Util.cpp">
      <Filter>Source Files</Filter>
    </ClCompile>
    <ClCompile Include="Hands.cpp">
      <Filter>Source Files</Filter>
    </ClCompile>
    <ClCompile Include="Hand.cpp">
      <Filter>Source Files</Filter>
    </ClCompile>
    <ClCompile Include="main.cpp">
      <Filter>Source Files</Filter>
    </ClCompile>
    <ClCompile Include="TextureRegion.cpp">
      <Filter>Source Files\sGL</Filter>
    </ClCompile>
    <ClCompile Include="Matrix.cpp">
      <Filter>Source Files\sGL</Filter>
    </ClCompile>
    <ClCompile Include="Program.cpp">
      <Filter>Source Files\sGL</Filter>
    </ClCompile>
    <ClCompile Include="Sprite.cpp">
      <Filter>Source Files\sGL</Filter>
    </ClCompile>
    <ClCompile Include="Vertices.cpp">
      <Filter>Source Files\sGL</Filter>
    </ClCompile>
    <ClCompile Include="Looper.cpp">
      <Filter>Source Files\Display</Filter>
    </ClCompile>
    <ClCompile Include="Logic.cpp">
      <Filter>Source Files</Filter>
    </ClCompile>
    <ClCompile Include="Colour.cpp">
      <Filter>Source Files</Filter>
    </ClCompile>
  </ItemGroup>
  <ItemGroup>
    <ClInclude Include="Util.h">
      <Filter>Header Files</Filter>
    </ClInclude>
    <ClInclude Include="Colour.h">
      <Filter>Header Files</Filter>
    </ClInclude>
    <ClInclude Include="Hands.h">
      <Filter>Header Files</Filter>
    </ClInclude>
    <ClInclude Include="Hand.h">
      <Filter>Header Files</Filter>
    </ClInclude>
    <ClInclude Include="Line.h">
      <Filter>Header Files</Filter>
    </ClInclude>
    <ClInclude Include="Matrix.h">
      <Filter>Header Files\sGL</Filter>
    </ClInclude>
    <ClInclude Include="Program.h">
      <Filter>Header Files\sGL</Filter>
    </ClInclude>
    <ClInclude Include="Sprite.h">
      <Filter>Header Files\sGL</Filter>
    </ClInclude>
    <ClInclude Include="TextureRegion.h">
      <Filter>Header Files\sGL</Filter>
    </ClInclude>
    <ClInclude Include="Vertices.h">
      <Filter>Header Files\sGL</Filter>
    </ClInclude>
    <ClInclude Include="Looper.h">
      <Filter>Header Files\Display</Filter>
    </ClInclude>
    <ClInclude Include="Display.h">
      <Filter>Header Files\Display</Filter>
    </ClInclude>
    <ClInclude Include="Logic.h">
      <Filter>Header Files</Filter>
    </ClInclude>
  </ItemGroup>
</Project>